
Microsoft Visual Studio Solution File, Format Version 12.00
# Visual Studio Version 17
VisualStudioVersion = 17.9.34902.65
MinimumVisualStudioVersion = 10.0.40219.1
Project("{8BC9CEB8-8B4A-11D0-8D11-00A0C91BC942}") = "S-Hook", "S-Hook\S-Hook.vcxproj", "{EB3A85FE-0F50-4847-9E1D-CD898020F032}"
EndProject
Project("{2150E333-8FDC-42A3-9474-1A3956D46DE8}") = "解决方案项", "解决方案项", "{50DD30E5-356C-4A38-879A-1FC5DF2791EA}"
EndProject
Global
	GlobalSection(SolutionConfigurationPlatforms) = preSolution
		Debug|x64 = Debug|x64
		Debug|x86 = Debug|x86
		Release|x64 = Release|x64
		Release|x86 = Release|x86
	EndGlobalSection
	GlobalSection(ProjectConfigurationPlatforms) = postSolution
		{EB3A85FE-0F50-4847-9E1D-CD898020F032}.Debug|x64.ActiveCfg = Debug|x64
		{EB3A85FE-0F50-4847-9E1D-CD898020F032}.Debug|x64.Build.0 = Debug|x64
		{EB3A85FE-0F50-4847-9E1D-CD898020F032}.Debug|x86.ActiveCfg = Debug|Win32
		{EB3A85FE-0F50-4847-9E1D-CD898020F032}.Debug|x86.Build.0 = Debug|Win32
		{EB3A85FE-0F50-4847-9E1D-CD898020F032}.Release|x64.ActiveCfg = Release|x64
		{EB3A85FE-0F50-4847-9E1D-CD898020F032}.Release|x64.Build.0 = Release|x64
		{EB3A85FE-0F50-4847-9E1D-CD898020F032}.Release|x86.ActiveCfg = Release|Win32
		{EB3A85FE-0F50-4847-9E1D-CD898020F032}.Release|x86.Build.0 = Release|Win32
	EndGlobalSection
	GlobalSection(SolutionProperties) = preSolution
		HideSolutionNode = FALSE
	EndGlobalSection
	GlobalSection(ExtensibilityGlobals) = postSolution
		SolutionGuid = {545C70DF-2B3A-4D38-B5DD-BC7E31300846}
	EndGlobalSection
EndGlobal
